// !$*UTF8*$!
{
	archiveVersion = 1;
	classes = {
	};
	objectVersion = 56;
	objects = {

/* Begin PBXBuildFile section */
		53A35FBC2C1EFFDD00ABE25F /* MemorizeApp.swift in Sources */ = {isa = PBXBuildFile; fileRef = 53A35FBB2C1EFFDD00ABE25F /* MemorizeApp.swift */; };
		53A35FBE2C1EFFDD00ABE25F /* ContentView.swift in Sources */ = {isa = PBXBuildFile; fileRef = 53A35FBD2C1EFFDD00ABE25F /* ContentView.swift */; };
		53A35FC02C1EFFDE00ABE25F /* Assets.xcassets in Resources */ = {isa = PBXBuildFile; fileRef = 53A35FBF2C1EFFDE00ABE25F /* Assets.xcassets */; };
		53A35FC32C1EFFDE00ABE25F /* Preview Assets.xcassets in Resources */ = {isa = PBXBuildFile; fileRef = 53A35FC22C1EFFDE00ABE25F /* Preview Assets.xcassets */; };
		53A35FCD2C1EFFDE00ABE25F /* MemorizeTests.swift in Sources */ = {isa = PBXBuildFile; fileRef = 53A35FCC2C1EFFDE00ABE25F /* MemorizeTests.swift */; };
		53A35FD72C1EFFDE00ABE25F /* MemorizeUITests.swift in Sources */ = {isa = PBXBuildFile; fileRef = 53A35FD62C1EFFDE00ABE25F /* MemorizeUITests.swift */; };
		53A35FD92C1EFFDE00ABE25F /* MemorizeUITestsLaunchTests.swift in Sources */ = {isa = PBXBuildFile; fileRef = 53A35FD82C1EFFDE00ABE25F /* MemorizeUITestsLaunchTests.swift */; };
		53A35FE62C1F0CCB00ABE25F /* MemoryGame.swift in Sources */ = {isa = PBXBuildFile; fileRef = 53A35FE52C1F0CCB00ABE25F /* MemoryGame.swift */; };
		53A35FE82C1F104300ABE25F /* EmojiMemoryGame.swift in Sources */ = {isa = PBXBuildFile; fileRef = 53A35FE72C1F104300ABE25F /* EmojiMemoryGame.swift */; };
/* End PBXBuildFile section */

/* Begin PBXContainerItemProxy section */
		53A35FC92C1EFFDE00ABE25F /* PBXContainerItemProxy */ = {
			isa = PBXContainerItemProxy;
			containerPortal = 53A35FB02C1EFFDD00ABE25F /* Project object */;
			proxyType = 1;
			remoteGlobalIDString = 53A35FB72C1EFFDD00ABE25F;
			remoteInfo = Memorize;
		};
		53A35FD32C1EFFDE00ABE25F /* PBXContainerItemProxy */ = {
			isa = PBXContainerItemProxy;
			containerPortal = 53A35FB02C1EFFDD00ABE25F /* Project object */;
			proxyType = 1;
			remoteGlobalIDString = 53A35FB72C1EFFDD00ABE25F;
			remoteInfo = Memorize;
		};
/* End PBXContainerItemProxy section */

/* Begin PBXFileReference section */
		53A35FB82C1EFFDD00ABE25F /* Memorize.app */ = {isa = PBXFileReference; explicitFileType = wrapper.application; includeInIndex = 0; path = Memorize.app; sourceTree = BUILT_PRODUCTS_DIR; };
		53A35FBB2C1EFFDD00ABE25F /* MemorizeApp.swift */ = {isa = PBXFileReference; lastKnownFileType = sourcecode.swift; path = MemorizeApp.swift; sourceTree = "<group>"; };
		53A35FBD2C1EFFDD00ABE25F /* ContentView.swift */ = {isa = PBXFileReference; lastKnownFileType = sourcecode.swift; path = ContentView.swift; sourceTree = "<group>"; };
		53A35FBF2C1EFFDE00ABE25F /* Assets.xcassets */ = {isa = PBXFileReference; lastKnownFileType = folder.assetcatalog; path = Assets.xcassets; sourceTree = "<group>"; };
		53A35FC22C1EFFDE00ABE25F /* Preview Assets.xcassets */ = {isa = PBXFileReference; lastKnownFileType = folder.assetcatalog; path = "Preview Assets.xcassets"; sourceTree = "<group>"; };
		53A35FC82C1EFFDE00ABE25F /* MemorizeTests.xctest */ = {isa = PBXFileReference; explicitFileType = wrapper.cfbundle; includeInIndex = 0; path = MemorizeTests.xctest; sourceTree = BUILT_PRODUCTS_DIR; };
		53A35FCC2C1EFFDE00ABE25F /* MemorizeTests.swift */ = {isa = PBXFileReference; lastKnownFileType = sourcecode.swift; path = MemorizeTests.swift; sourceTree = "<group>"; };
		53A35FD22C1EFFDE00ABE25F /* MemorizeUITests.xctest */ = {isa = PBXFileReference; explicitFileType = wrapper.cfbundle; includeInIndex = 0; path = MemorizeUITests.xctest; sourceTree = BUILT_PRODUCTS_DIR; };
		53A35FD62C1EFFDE00ABE25F /* MemorizeUITests.swift */ = {isa = PBXFileReference; lastKnownFileType = sourcecode.swift; path = MemorizeUITests.swift; sourceTree = "<group>"; };
		53A35FD82C1EFFDE00ABE25F /* MemorizeUITestsLaunchTests.swift */ = {isa = PBXFileReference; lastKnownFileType = sourcecode.swift; path = MemorizeUITestsLaunchTests.swift; sourceTree = "<group>"; };
		53A35FE52C1F0CCB00ABE25F /* MemoryGame.swift */ = {isa = PBXFileReference; lastKnownFileType = sourcecode.swift; path = MemoryGame.swift; sourceTree = "<group>"; };
		53A35FE72C1F104300ABE25F /* EmojiMemoryGame.swift */ = {isa = PBXFileReference; lastKnownFileType = sourcecode.swift; path = EmojiMemoryGame.swift; sourceTree = "<group>"; };
/* End PBXFileReference section */

/* Begin PBXFrameworksBuildPhase section */
		53A35FB52C1EFFDD00ABE25F /* Frameworks */ = {
			isa = PBXFrameworksBuildPhase;
			buildActionMask = 2147483647;
			files = (
			);
			runOnlyForDeploymentPostprocessing = 0;
		};
		53A35FC52C1EFFDE00ABE25F /* Frameworks */ = {
			isa = PBXFrameworksBuildPhase;
			buildActionMask = 2147483647;
			files = (
			);
			runOnlyForDeploymentPostprocessing = 0;
		};
		53A35FCF2C1EFFDE00ABE25F /* Frameworks */ = {
			isa = PBXFrameworksBuildPhase;
			buildActionMask = 2147483647;
			files = (
			);
			runOnlyForDeploymentPostprocessing = 0;
		};
/* End PBXFrameworksBuildPhase section */

/* Begin PBXGroup section */
		53A35FAF2C1EFFDD00ABE25F = {
			isa = PBXGroup;
			children = (
				53A35FBA2C1EFFDD00ABE25F /* Memorize */,
				53A35FCB2C1EFFDE00ABE25F /* MemorizeTests */,
				53A35FD52C1EFFDE00ABE25F /* MemorizeUITests */,
				53A35FB92C1EFFDD00ABE25F /* Products */,
			);
			sourceTree = "<group>";
		};
		53A35FB92C1EFFDD00ABE25F /* Products */ = {
			isa = PBXGroup;
			children = (
				53A35FB82C1EFFDD00ABE25F /* Memorize.app */,
				53A35FC82C1EFFDE00ABE25F /* MemorizeTests.xctest */,
				53A35FD22C1EFFDE00ABE25F /* MemorizeUITests.xctest */,
			);
			name = Products;
			sourceTree = "<group>";
		};
		53A35FBA2C1EFFDD00ABE25F /* Memorize */ = {
			isa = PBXGroup;
			children = (
				53A35FE52C1F0CCB00ABE25F /* MemoryGame.swift */,
				53A35FE72C1F104300ABE25F /* EmojiMemoryGame.swift */,
				53A35FBB2C1EFFDD00ABE25F /* MemorizeApp.swift */,
				53A35FBD2C1EFFDD00ABE25F /* ContentView.swift */,
				53A35FBF2C1EFFDE00ABE25F /* Assets.xcassets */,
				53A35FC12C1EFFDE00ABE25F /* Preview Content */,
			);
			path = Memorize;
			sourceTree = "<group>";
		};
		53A35FC12C1EFFDE00ABE25F /* Preview Content */ = {
			isa = PBXGroup;
			children = (
				53A35FC22C1EFFDE00ABE25F /* Preview Assets.xcassets */,
			);
			path = "Preview Content";
			sourceTree = "<group>";
		};
		53A35FCB2C1EFFDE00ABE25F /* MemorizeTests */ = {
			isa = PBXGroup;
			children = (
				53A35FCC2C1EFFDE00ABE25F /* MemorizeTests.swift */,
			);
			path = MemorizeTests;
			sourceTree = "<group>";
		};
		53A35FD52C1EFFDE00ABE25F /* MemorizeUITests */ = {
			isa = PBXGroup;
			children = (
				53A35FD62C1EFFDE00ABE25F /* MemorizeUITests.swift */,
				53A35FD82C1EFFDE00ABE25F /* MemorizeUITestsLaunchTests.swift */,
			);
			path = MemorizeUITests;
			sourceTree = "<group>";
		};
/* End PBXGroup section */

/* Begin PBXNativeTarget section */
		53A35FB72C1EFFDD00ABE25F /* Memorize */ = {
			isa = PBXNativeTarget;
			buildConfigurationList = 53A35FDC2C1EFFDE00ABE25F /* Build configuration list for PBXNativeTarget "Memorize" */;
			buildPhases = (
				53A35FB42C1EFFDD00ABE25F /* Sources */,
				53A35FB52C1EFFDD00ABE25F /* Frameworks */,
				53A35FB62C1EFFDD00ABE25F /* Resources */,
			);
			buildRules = (
			);
			dependencies = (
			);
			name = Memorize;
			productName = Memorize;
			productReference = 53A35FB82C1EFFDD00ABE25F /* Memorize.app */;
			productType = "com.apple.product-type.application";
		};
		53A35FC72C1EFFDE00ABE25F /* MemorizeTests */ = {
			isa = PBXNativeTarget;
			buildConfigurationList = 53A35FDF2C1EFFDE00ABE25F /* Build configuration list for PBXNativeTarget "MemorizeTests" */;
			buildPhases = (
				53A35FC42C1EFFDE00ABE25F /* Sources */,
				53A35FC52C1EFFDE00ABE25F /* Frameworks */,
				53A35FC62C1EFFDE00ABE25F /* Resources */,
			);
			buildRules = (
			);
			dependencies = (
				53A35FCA2C1EFFDE00ABE25F /* PBXTargetDependency */,
			);
			name = MemorizeTests;
			productName = MemorizeTests;
			productReference = 53A35FC82C1EFFDE00ABE25F /* MemorizeTests.xctest */;
			productType = "com.apple.product-type.bundle.unit-test";
		};
		53A35FD12C1EFFDE00ABE25F /* MemorizeUITests */ = {
			isa = PBXNativeTarget;
			buildConfigurationList = 53A35FE22C1EFFDE00ABE25F /* Build configuration list for PBXNativeTarget "MemorizeUITests" */;
			buildPhases = (
				53A35FCE2C1EFFDE00ABE25F /* Sources */,
				53A35FCF2C1EFFDE00ABE25F /* Frameworks */,
				53A35FD02C1EFFDE00ABE25F /* Resources */,
			);
			buildRules = (
			);
			dependencies = (
				53A35FD42C1EFFDE00ABE25F /* PBXTargetDependency */,
			);
			name = MemorizeUITests;
			productName = MemorizeUITests;
			productReference = 53A35FD22C1EFFDE00ABE25F /* MemorizeUITests.xctest */;
			productType = "com.apple.product-type.bundle.ui-testing";
		};
/* End PBXNativeTarget section */

/* Begin PBXProject section */
		53A35FB02C1EFFDD00ABE25F /* Project object */ = {
			isa = PBXProject;
			attributes = {
				BuildIndependentTargetsInParallel = 1;
				LastSwiftUpdateCheck = 1540;
				LastUpgradeCheck = 1540;
				TargetAttributes = {
					53A35FB72C1EFFDD00ABE25F = {
						CreatedOnToolsVersion = 15.4;
					};
					53A35FC72C1EFFDE00ABE25F = {
						CreatedOnToolsVersion = 15.4;
						TestTargetID = 53A35FB72C1EFFDD00ABE25F;
					};
					53A35FD12C1EFFDE00ABE25F = {
						CreatedOnToolsVersion = 15.4;
						TestTargetID = 53A35FB72C1EFFDD00ABE25F;
					};
				};
			};
			buildConfigurationList = 53A35FB32C1EFFDD00ABE25F /* Build configuration list for PBXProject "Memorize" */;
			compatibilityVersion = "Xcode 14.0";
			developmentRegion = en;
			hasScannedForEncodings = 0;
			knownRegions = (
				en,
				Base,
			);
			mainGroup = 53A35FAF2C1EFFDD00ABE25F;
			productRefGroup = 53A35FB92C1EFFDD00ABE25F /* Products */;
			projectDirPath = "";
			projectRoot = "";
			targets = (
				53A35FB72C1EFFDD00ABE25F /* Memorize */,
				53A35FC72C1EFFDE00ABE25F /* MemorizeTests */,
				53A35FD12C1EFFDE00ABE25F /* MemorizeUITests */,
			);
		};
/* End PBXProject section */

/* Begin PBXResourcesBuildPhase section */
		53A35FB62C1EFFDD00ABE25F /* Resources */ = {
			isa = PBXResourcesBuildPhase;
			buildActionMask = 2147483647;
			files = (
				53A35FC32C1EFFDE00ABE25F /* Preview Assets.xcassets in Resources */,
				53A35FC02C1EFFDE00ABE25F /* Assets.xcassets in Resources */,
			);
			runOnlyForDeploymentPostprocessing = 0;
		};
		53A35FC62C1EFFDE00ABE25F /* Resources */ = {
			isa = PBXResourcesBuildPhase;
			buildActionMask = 2147483647;
			files = (
			);
			runOnlyForDeploymentPostprocessing = 0;
		};
		53A35FD02C1EFFDE00ABE25F /* Resources */ = {
			isa = PBXResourcesBuildPhase;
			buildActionMask = 2147483647;
			files = (
			);
			runOnlyForDeploymentPostprocessing = 0;
		};
/* End PBXResourcesBuildPhase section */

/* Begin PBXSourcesBuildPhase section */
		53A35FB42C1EFFDD00ABE25F /* Sources */ = {
			isa = PBXSourcesBuildPhase;
			buildActionMask = 2147483647;
			files = (
				53A35FE62C1F0CCB00ABE25F /* MemoryGame.swift in Sources */,
				53A35FBE2C1EFFDD00ABE25F /* ContentView.swift in Sources */,
				53A35FBC2C1EFFDD00ABE25F /* MemorizeApp.swift in Sources */,
				53A35FE82C1F104300ABE25F /* EmojiMemoryGame.swift in Sources */,
			);
			runOnlyForDeploymentPostprocessing = 0;
		};
		53A35FC42C1EFFDE00ABE25F /* Sources */ = {
			isa = PBXSourcesBuildPhase;
			buildActionMask = 2147483647;
			files = (
				53A35FCD2C1EFFDE00ABE25F /* MemorizeTests.swift in Sources */,
			);
			runOnlyForDeploymentPostprocessing = 0;
		};
		53A35FCE2C1EFFDE00ABE25F /* Sources */ = {
			isa = PBXSourcesBuildPhase;
			buildActionMask = 2147483647;
			files = (
				53A35FD92C1EFFDE00ABE25F /* MemorizeUITestsLaunchTests.swift in Sources */,
				53A35FD72C1EFFDE00ABE25F /* MemorizeUITests.swift in Sources */,
			);
			runOnlyForDeploymentPostprocessing = 0;
		};
/* End PBXSourcesBuildPhase section */

/* Begin PBXTargetDependency section */
		53A35FCA2C1EFFDE00ABE25F /* PBXTargetDependency */ = {
			isa = PBXTargetDependency;
			target = 53A35FB72C1EFFDD00ABE25F /* Memorize */;
			targetProxy = 53A35FC92C1EFFDE00ABE25F /* PBXContainerItemProxy */;
		};
		53A35FD42C1EFFDE00ABE25F /* PBXTargetDependency */ = {
			isa = PBXTargetDependency;
			target = 53A35FB72C1EFFDD00ABE25F /* Memorize */;
			targetProxy = 53A35FD32C1EFFDE00ABE25F /* PBXContainerItemProxy */;
		};
/* End PBXTargetDependency section */

/* Begin XCBuildConfiguration section */
		53A35FDA2C1EFFDE00ABE25F /* Debug */ = {
			isa = XCBuildConfiguration;
			buildSettings = {
				ALWAYS_SEARCH_USER_PATHS = NO;
				ASSETCATALOG_COMPILER_GENERATE_SWIFT_ASSET_SYMBOL_EXTENSIONS = YES;
				CLANG_ANALYZER_NONNULL = YES;
				CLANG_ANALYZER_NUMBER_OBJECT_CONVERSION = YES_AGGRESSIVE;
				CLANG_CXX_LANGUAGE_STANDARD = "gnu++20";
				CLANG_ENABLE_MODULES = YES;
				CLANG_ENABLE_OBJC_ARC = YES;
				CLANG_ENABLE_OBJC_WEAK = YES;
				CLANG_WARN_BLOCK_CAPTURE_AUTORELEASING = YES;
				CLANG_WARN_BOOL_CONVERSION = YES;
				CLANG_WARN_COMMA = YES;
				CLANG_WARN_CONSTANT_CONVERSION = YES;
				CLANG_WARN_DEPRECATED_OBJC_IMPLEMENTATIONS = YES;
				CLANG_WARN_DIRECT_OBJC_ISA_USAGE = YES_ERROR;
				CLANG_WARN_DOCUMENTATION_COMMENTS = YES;
				CLANG_WARN_EMPTY_BODY = YES;
				CLANG_WARN_ENUM_CONVERSION = YES;
				CLANG_WARN_INFINITE_RECURSION = YES;
				CLANG_WARN_INT_CONVERSION = YES;
				CLANG_WARN_NON_LITERAL_NULL_CONVERSION = YES;
				CLANG_WARN_OBJC_IMPLICIT_RETAIN_SELF = YES;
				CLANG_WARN_OBJC_LITERAL_CONVERSION = YES;
				CLANG_WARN_OBJC_ROOT_CLASS = YES_ERROR;
				CLANG_WARN_QUOTED_INCLUDE_IN_FRAMEWORK_HEADER = YES;
				CLANG_WARN_RANGE_LOOP_ANALYSIS = YES;
				CLANG_WARN_STRICT_PROTOTYPES = YES;
				CLANG_WARN_SUSPICIOUS_MOVE = YES;
				CLANG_WARN_UNGUARDED_AVAILABILITY = YES_AGGRESSIVE;
				CLANG_WARN_UNREACHABLE_CODE = YES;
				CLANG_WARN__DUPLICATE_METHOD_MATCH = YES;
				COPY_PHASE_STRIP = NO;
				DEBUG_INFORMATION_FORMAT = dwarf;
				ENABLE_STRICT_OBJC_MSGSEND = YES;
				ENABLE_TESTABILITY = YES;
				ENABLE_USER_SCRIPT_SANDBOXING = YES;
				GCC_C_LANGUAGE_STANDARD = gnu17;
				GCC_DYNAMIC_NO_PIC = NO;
				GCC_NO_COMMON_BLOCKS = YES;
				GCC_OPTIMIZATION_LEVEL = 0;
				GCC_PREPROCESSOR_DEFINITIONS = (
					"DEBUG=1",
					"$(inherited)",
				);
				GCC_WARN_64_TO_32_BIT_CONVERSION = YES;
				GCC_WARN_ABOUT_RETURN_TYPE = YES_ERROR;
				GCC_WARN_UNDECLARED_SELECTOR = YES;
				GCC_WARN_UNINITIALIZED_AUTOS = YES_AGGRESSIVE;
				GCC_WARN_UNUSED_FUNCTION = YES;
				GCC_WARN_UNUSED_VARIABLE = YES;
				IPHONEOS_DEPLOYMENT_TARGET = 17.5;
				LOCALIZATION_PREFERS_STRING_CATALOGS = YES;
				MTL_ENABLE_DEBUG_INFO = INCLUDE_SOURCE;
				MTL_FAST_MATH = YES;
				ONLY_ACTIVE_ARCH = YES;
				SDKROOT = iphoneos;
				SWIFT_ACTIVE_COMPILATION_CONDITIONS = "DEBUG $(inherited)";
				SWIFT_OPTIMIZATION_LEVEL = "-Onone";
			};
			name = Debug;
		};
		53A35FDB2C1EFFDE00ABE25F /* Release */ = {
			isa = XCBuildConfiguration;
			buildSettings = {
				ALWAYS_SEARCH_USER_PATHS = NO;
				ASSETCATALOG_COMPILER_GENERATE_SWIFT_ASSET_SYMBOL_EXTENSIONS = YES;
				CLANG_ANALYZER_NONNULL = YES;
				CLANG_ANALYZER_NUMBER_OBJECT_CONVERSION = YES_AGGRESSIVE;
				CLANG_CXX_LANGUAGE_STANDARD = "gnu++20";
				CLANG_ENABLE_MODULES = YES;
				CLANG_ENABLE_OBJC_ARC = YES;
				CLANG_ENABLE_OBJC_WEAK = YES;
				CLANG_WARN_BLOCK_CAPTURE_AUTORELEASING = YES;
				CLANG_WARN_BOOL_CONVERSION = YES;
				CLANG_WARN_COMMA = YES;
				CLANG_WARN_CONSTANT_CONVERSION = YES;
				CLANG_WARN_DEPRECATED_OBJC_IMPLEMENTATIONS = YES;
				CLANG_WARN_DIRECT_OBJC_ISA_USAGE = YES_ERROR;
				CLANG_WARN_DOCUMENTATION_COMMENTS = YES;
				CLANG_WARN_EMPTY_BODY = YES;
				CLANG_WARN_ENUM_CONVERSION = YES;
				CLANG_WARN_INFINITE_RECURSION = YES;
				CLANG_WARN_INT_CONVERSION = YES;
				CLANG_WARN_NON_LITERAL_NULL_CONVERSION = YES;
				CLANG_WARN_OBJC_IMPLICIT_RETAIN_SELF = YES;
				CLANG_WARN_OBJC_LITERAL_CONVERSION = YES;
				CLANG_WARN_OBJC_ROOT_CLASS = YES_ERROR;
				CLANG_WARN_QUOTED_INCLUDE_IN_FRAMEWORK_HEADER = YES;
				CLANG_WARN_RANGE_LOOP_ANALYSIS = YES;
				CLANG_WARN_STRICT_PROTOTYPES = YES;
				CLANG_WARN_SUSPICIOUS_MOVE = YES;
				CLANG_WARN_UNGUARDED_AVAILABILITY = YES_AGGRESSIVE;
				CLANG_WARN_UNREACHABLE_CODE = YES;
				CLANG_WARN__DUPLICATE_METHOD_MATCH = YES;
				COPY_PHASE_STRIP = NO;
				DEBUG_INFORMATION_FORMAT = "dwarf-with-dsym";
				ENABLE_NS_ASSERTIONS = NO;
				ENABLE_STRICT_OBJC_MSGSEND = YES;
				ENABLE_USER_SCRIPT_SANDBOXING = YES;
				GCC_C_LANGUAGE_STANDARD = gnu17;
				GCC_NO_COMMON_BLOCKS = YES;
				GCC_WARN_64_TO_32_BIT_CONVERSION = YES;
				GCC_WARN_ABOUT_RETURN_TYPE = YES_ERROR;
				GCC_WARN_UNDECLARED_SELECTOR = YES;
				GCC_WARN_UNINITIALIZED_AUTOS = YES_AGGRESSIVE;
				GCC_WARN_UNUSED_FUNCTION = YES;
				GCC_WARN_UNUSED_VARIABLE = YES;
				IPHONEOS_DEPLOYMENT_TARGET = 17.5;
				LOCALIZATION_PREFERS_STRING_CATALOGS = YES;
				MTL_ENABLE_DEBUG_INFO = NO;
				MTL_FAST_MATH = YES;
				SDKROOT = iphoneos;
				SWIFT_COMPILATION_MODE = wholemodule;
				VALIDATE_PRODUCT = YES;
			};
			name = Release;
		};
		53A35FDD2C1EFFDE00ABE25F /* Debug */ = {
			isa = XCBuildConfiguration;
			buildSettings = {
				ASSETCATALOG_COMPILER_APPICON_NAME = AppIcon;
				ASSETCATALOG_COMPILER_GLOBAL_ACCENT_COLOR_NAME = AccentColor;
				CODE_SIGN_STYLE = Automatic;
				CURRENT_PROJECT_VERSION = 1;
				DEVELOPMENT_ASSET_PATHS = "\"Memorize/Preview Content\"";
				ENABLE_PREVIEWS = YES;
				GENERATE_INFOPLIST_FILE = YES;
				INFOPLIST_KEY_UIApplicationSceneManifest_Generation = YES;
				INFOPLIST_KEY_UIApplicationSupportsIndirectInputEvents = YES;
				INFOPLIST_KEY_UILaunchScreen_Generation = YES;
				INFOPLIST_KEY_UISupportedInterfaceOrientations_iPad = "UIInterfaceOrientationPortrait UIInterfaceOrientationPortraitUpsideDown UIInterfaceOrientationLandscapeLeft UIInterfaceOrientationLandscapeRight";
				INFOPLIST_KEY_UISupportedInterfaceOrientations_iPhone = "UIInterfaceOrientationPortrait UIInterfaceOrientationLandscapeLeft UIInterfaceOrientationLandscapeRight";
				LD_RUNPATH_SEARCH_PATHS = (
					"$(inherited)",
					"@executable_path/Frameworks",
				);
				MARKETING_VERSION = 1.0;
				PRODUCT_BUNDLE_IDENTIFIER = com.wisewong.Memorize;
				PRODUCT_NAME = "$(TARGET_NAME)";
				SWIFT_EMIT_LOC_STRINGS = YES;
				SWIFT_VERSION = 5.0;
				TARGETED_DEVICE_FAMILY = "1,2";
			};
			name = Debug;
		};
		53A35FDE2C1EFFDE00ABE25F /* Release */ = {
			isa = XCBuildConfiguration;
			buildSettings = {
				ASSETCATALOG_COMPILER_APPICON_NAME = AppIcon;
				ASSETCATALOG_COMPILER_GLOBAL_ACCENT_COLOR_NAME = AccentColor;
				CODE_SIGN_STYLE = Automatic;
				CURRENT_PROJECT_VERSION = 1;
				DEVELOPMENT_ASSET_PATHS = "\"Memorize/Preview Content\"";
				ENABLE_PREVIEWS = YES;
				GENERATE_INFOPLIST_FILE = YES;
				INFOPLIST_KEY_UIApplicationSceneManifest_Generation = YES;
				INFOPLIST_KEY_UIApplicationSupportsIndirectInputEvents = YES;
				INFOPLIST_KEY_UILaunchScreen_Generation = YES;
				INFOPLIST_KEY_UISupportedInterfaceOrientations_iPad = "UIInterfaceOrientationPortrait UIInterfaceOrientationPortraitUpsideDown UIInterfaceOrientationLandscapeLeft UIInterfaceOrientationLandscapeRight";
				INFOPLIST_KEY_UISupportedInterfaceOrientations_iPhone = "UIInterfaceOrientationPortrait UIInterfaceOrientationLandscapeLeft UIInterfaceOrientationLandscapeRight";
				LD_RUNPATH_SEARCH_PATHS = (
					"$(inherited)",
					"@executable_path/Frameworks",
				);
				MARKETING_VERSION = 1.0;
				PRODUCT_BUNDLE_IDENTIFIER = com.wisewong.Memorize;
				PRODUCT_NAME = "$(TARGET_NAME)";
				SWIFT_EMIT_LOC_STRINGS = YES;
				SWIFT_VERSION = 5.0;
				TARGETED_DEVICE_FAMILY = "1,2";
			};
			name = Release;
		};
		53A35FE02C1EFFDE00ABE25F /* Debug */ = {
			isa = XCBuildConfiguration;
			buildSettings = {
				ALWAYS_EMBED_SWIFT_STANDARD_LIBRARIES = YES;
				BUNDLE_LOADER = "$(TEST_HOST)";
				CODE_SIGN_STYLE = Automatic;
				CURRENT_PROJECT_VERSION = 1;
				GENERATE_INFOPLIST_FILE = YES;
				IPHONEOS_DEPLOYMENT_TARGET = 17.5;
				MARKETING_VERSION = 1.0;
				PRODUCT_BUNDLE_IDENTIFIER = com.wisewong.MemorizeTests;
				PRODUCT_NAME = "$(TARGET_NAME)";
				SWIFT_EMIT_LOC_STRINGS = NO;
				SWIFT_VERSION = 5.0;
				TARGETED_DEVICE_FAMILY = "1,2";
				TEST_HOST = "$(BUILT_PRODUCTS_DIR)/Memorize.app/$(BUNDLE_EXECUTABLE_FOLDER_PATH)/Memorize";
			};
			name = Debug;
		};
		53A35FE12C1EFFDE00ABE25F /* Release */ = {
			isa = XCBuildConfiguration;
			buildSettings = {
				ALWAYS_EMBED_SWIFT_STANDARD_LIBRARIES = YES;
				BUNDLE_LOADER = "$(TEST_HOST)";
				CODE_SIGN_STYLE = Automatic;
				CURRENT_PROJECT_VERSION = 1;
				GENERATE_INFOPLIST_FILE = YES;
				IPHONEOS_DEPLOYMENT_TARGET = 17.5;
				MARKETING_VERSION = 1.0;
				PRODUCT_BUNDLE_IDENTIFIER = com.wisewong.MemorizeTests;
				PRODUCT_NAME = "$(TARGET_NAME)";
				SWIFT_EMIT_LOC_STRINGS = NO;
				SWIFT_VERSION = 5.0;
				TARGETED_DEVICE_FAMILY = "1,2";
				TEST_HOST = "$(BUILT_PRODUCTS_DIR)/Memorize.app/$(BUNDLE_EXECUTABLE_FOLDER_PATH)/Memorize";
			};
			name = Release;
		};
		53A35FE32C1EFFDE00ABE25F /* Debug */ = {
			isa = XCBuildConfiguration;
			buildSettings = {
				ALWAYS_EMBED_SWIFT_STANDARD_LIBRARIES = YES;
				CODE_SIGN_STYLE = Automatic;
				CURRENT_PROJECT_VERSION = 1;
				GENERATE_INFOPLIST_FILE = YES;
				MARKETING_VERSION = 1.0;
				PRODUCT_BUNDLE_IDENTIFIER = com.wisewong.MemorizeUITests;
				PRODUCT_NAME = "$(TARGET_NAME)";
				SWIFT_EMIT_LOC_STRINGS = NO;
				SWIFT_VERSION = 5.0;
				TARGETED_DEVICE_FAMILY = "1,2";
				TEST_TARGET_NAME = Memorize;
			};
			name = Debug;
		};
		53A35FE42C1EFFDE00ABE25F /* Release */ = {
			isa = XCBuildConfiguration;
			buildSettings = {
				ALWAYS_EMBED_SWIFT_STANDARD_LIBRARIES = YES;
				CODE_SIGN_STYLE = Automatic;
				CURRENT_PROJECT_VERSION = 1;
				GENERATE_INFOPLIST_FILE = YES;
				MARKETING_VERSION = 1.0;
				PRODUCT_BUNDLE_IDENTIFIER = com.wisewong.MemorizeUITests;
				PRODUCT_NAME = "$(TARGET_NAME)";
				SWIFT_EMIT_LOC_STRINGS = NO;
				SWIFT_VERSION = 5.0;
				TARGETED_DEVICE_FAMILY = "1,2";
				TEST_TARGET_NAME = Memorize;
			};
			name = Release;
		};
/* End XCBuildConfiguration section */

/* Begin XCConfigurationList section */
		53A35FB32C1EFFDD00ABE25F /* Build configuration list for PBXProject "Memorize" */ = {
			isa = XCConfigurationList;
			buildConfigurations = (
				53A35FDA2C1EFFDE00ABE25F /* Debug */,
				53A35FDB2C1EFFDE00ABE25F /* Release */,
			);
			defaultConfigurationIsVisible = 0;
			defaultConfigurationName = Release;
		};
		53A35FDC2C1EFFDE00ABE25F /* Build configuration list for PBXNativeTarget "Memorize" */ = {
			isa = XCConfigurationList;
			buildConfigurations = (
				53A35FDD2C1EFFDE00ABE25F /* Debug */,
				53A35FDE2C1EFFDE00ABE25F /* Release */,
			);
			defaultConfigurationIsVisible = 0;
			defaultConfigurationName = Release;
		};
		53A35FDF2C1EFFDE00ABE25F /* Build configuration list for PBXNativeTarget "MemorizeTests" */ = {
			isa = XCConfigurationList;
			buildConfigurations = (
				53A35FE02C1EFFDE00ABE25F /* Debug */,
				53A35FE12C1EFFDE00ABE25F /* Release */,
			);
			defaultConfigurationIsVisible = 0;
			defaultConfigurationName = Release;
		};
		53A35FE22C1EFFDE00ABE25F /* Build configuration list for PBXNativeTarget "MemorizeUITests" */ = {
			isa = XCConfigurationList;
			buildConfigurations = (
				53A35FE32C1EFFDE00ABE25F /* Debug */,
				53A35FE42C1EFFDE00ABE25F /* Release */,
			);
			defaultConfigurationIsVisible = 0;
			defaultConfigurationName = Release;
		};
/* End XCConfigurationList section */
	};
	rootObject = 53A35FB02C1EFFDD00ABE25F /* Project object */;
}
